{
    "version": 3,
    "terraform_version": "0.10.4",
    "serial": 4,
    "lineage": "ca47d83c-43b1-4542-a550-17e471e1a5b3",
    "modules": [
        {
            "path": [
                "root"
            ],
            "outputs": {
                "instance_id": {
                    "sensitive": false,
                    "type": "string",
                    "value": "https://www.googleapis.com/compute/v1/projects/glds-gcp/zones/us-west1-a/instances/terraform-test"
                }
            },
            "resources": {
                "google_compute_address.default": {
                    "type": "google_compute_address",
                    "depends_on": [],
                    "primary": {
                        "id": "terraform-ip",
                        "attributes": {
                            "address": "35.199.144.43",
                            "id": "terraform-ip",
                            "name": "terraform-ip",
                            "self_link": "https://www.googleapis.com/compute/v1/projects/glds-gcp/regions/us-west1/addresses/terraform-ip"
                        },
                        "meta": {},
                        "tainted": false
                    },
                    "deposed": [],
                    "provider": ""
                },
                "google_compute_instance.default": {
                    "type": "google_compute_instance",
                    "depends_on": [
                        "google_compute_address.default"
                    ],
                    "primary": {
                        "id": "terraform-test",
                        "attributes": {
                            "attached_disk.#": "0",
                            "boot_disk.#": "1",
                            "boot_disk.0.auto_delete": "true",
                            "boot_disk.0.device_name": "persistent-disk-0",
                            "boot_disk.0.disk_encryption_key_raw": "",
                            "boot_disk.0.disk_encryption_key_sha256": "",
                            "boot_disk.0.initialize_params.#": "1",
                            "boot_disk.0.initialize_params.0.image": "coreos-stable-1409-9-0-v20170814",
                            "boot_disk.0.initialize_params.0.size": "0",
                            "boot_disk.0.initialize_params.0.type": "",
                            "boot_disk.0.source": "terraform-test",
                            "can_ip_forward": "false",
                            "create_timeout": "4",
                            "disk.#": "0",
                            "id": "terraform-test",
                            "label_fingerprint": "42WmSpB8rSM=",
                            "machine_type": "g1-small",
                            "metadata.%": "0",
                            "metadata_fingerprint": "Cb5b7T79Ndo=",
                            "name": "terraform-test",
                            "network.#": "0",
                            "network_interface.#": "1",
                            "network_interface.0.access_config.#": "1",
                            "network_interface.0.access_config.0.assigned_nat_ip": "35.199.144.43",
                            "network_interface.0.access_config.0.nat_ip": "35.199.144.43",
                            "network_interface.0.address": "10.138.0.4",
                            "network_interface.0.name": "nic0",
                            "network_interface.0.network": "https://www.googleapis.com/compute/v1/projects/glds-gcp/global/networks/default",
                            "network_interface.0.subnetwork": "https://www.googleapis.com/compute/v1/projects/glds-gcp/regions/us-west1/subnetworks/default",
                            "network_interface.0.subnetwork_project": "glds-gcp",
                            "scheduling.#": "1",
                            "scheduling.0.automatic_restart": "true",
                            "scheduling.0.on_host_maintenance": "MIGRATE",
                            "scheduling.0.preemptible": "false",
                            "scratch_disk.#": "0",
                            "self_link": "https://www.googleapis.com/compute/v1/projects/glds-gcp/zones/us-west1-a/instances/terraform-test",
                            "service_account.#": "0",
                            "tags_fingerprint": "42WmSpB8rSM=",
                            "zone": "us-west1-a"
                        },
                        "meta": {
                            "schema_version": "2"
                        },
                        "tainted": false
                    },
                    "deposed": [],
                    "provider": ""
                }
            },
            "depends_on": []
        }
    ]
}
